
Microsoft Visual Studio Solution File, Format Version 12.00
# Visual Studio 2015
Project("{FAE04EC0-301F-11D3-BF4B-00C04F79EFBC}") = "SFI", "SFI.csproj", "{86579A46-25D1-B96A-5054-61713E84B5D1}"
EndProject
Global
	GlobalSection(SolutionConfigurationPlatforms) = preSolution
		Debug|Any CPU = Debug|Any CPU
		Release|Any CPU = Release|Any CPU
	EndGlobalSection
	GlobalSection(ProjectConfigurationPlatforms) = postSolution
		{86579A46-25D1-B96A-5054-61713E84B5D1}.Debug|Any CPU.ActiveCfg = Debug|Any CPU
		{86579A46-25D1-B96A-5054-61713E84B5D1}.Debug|Any CPU.Build.0 = Debug|Any CPU
		{86579A46-25D1-B96A-5054-61713E84B5D1}.Release|Any CPU.ActiveCfg = Release|Any CPU
		{86579A46-25D1-B96A-5054-61713E84B5D1}.Release|Any CPU.Build.0 = Release|Any CPU
	EndGlobalSection
	GlobalSection(SolutionProperties) = preSolution
		HideSolutionNode = FALSE
	EndGlobalSection
EndGlobal
